
Microsoft Visual Studio Solution File, Format Version 12.00
# Visual Studio Version 16
VisualStudioVersion = 25.0.1706.9
MinimumVisualStudioVersion = 10.0.40219.1
Project("{FAE04EC0-301F-11D3-BF4B-00C04F79EFBC}") = "Abacus.Observables.Blockchain", "Abacus.Observables.Blockchain.csproj", "{CC6BAF58-CF11-4B3D-B835-88F4C64BF245}"
EndProject
Global
	GlobalSection(SolutionConfigurationPlatforms) = preSolution
		Debug|Any CPU = Debug|Any CPU
		Release|Any CPU = Release|Any CPU
	EndGlobalSection
	GlobalSection(ProjectConfigurationPlatforms) = postSolution
		{CC6BAF58-CF11-4B3D-B835-88F4C64BF245}.Debug|Any CPU.ActiveCfg = Debug|Any CPU
		{CC6BAF58-CF11-4B3D-B835-88F4C64BF245}.Debug|Any CPU.Build.0 = Debug|Any CPU
		{CC6BAF58-CF11-4B3D-B835-88F4C64BF245}.Release|Any CPU.ActiveCfg = Release|Any CPU
		{CC6BAF58-CF11-4B3D-B835-88F4C64BF245}.Release|Any CPU.Build.0 = Release|Any CPU
	EndGlobalSection
	GlobalSection(SolutionProperties) = preSolution
		HideSolutionNode = FALSE
	EndGlobalSection
	GlobalSection(ExtensibilityGlobals) = postSolution
		SolutionGuid = {E8C40F79-9CB9-41A1-B613-8855CD1F8766}
	EndGlobalSection
EndGlobal
